# @generated - this file is auto-generated by `mise lock` https://mise.jdx.dev/dev-tools/mise-lock.html

lockfile_version = 1

[[tools.d2]]
version = "0.9.0"
backend = "aqua:d2lang/d2"
specifiers = ["0.9.0"]

[tools.d2."platforms.linux-arm64"]
checksum = "sha256:ac2c028697199479acb321db1e3d68caee9f2ba492ed73caa3cd13f3829bf913"
url = "https://github.com/d2lang/d2/releases/download/v0.9.0/d2-v0.9.0-linux-arm64.tar.gz"
url_api = "https://api.github.com/repos/d2lang/d2/releases/assets/549448988"

[tools.d2."platforms.linux-arm64-musl"]
checksum = "sha256:ac2c028697199479acb321db1e3d68caee9f2ba492ed73caa3cd13f3829bf913"
url = "https://github.com/d2lang/d2/releases/download/v0.9.0/d2-v0.9.0-linux-arm64.tar.gz"
url_api = "https://api.github.com/repos/d2lang/d2/releases/assets/549448988"

[tools.d2."platforms.linux-x64"]
checksum = "sha256:5669ddc46b99e942cc96078f4a4e36d5e62103348f4c05179ede27802fdd87a9"
url = "https://github.com/d2lang/d2/releases/download/v0.9.0/d2-v0.9.0-linux-amd64.tar.gz"
url_api = "https://api.github.com/repos/d2lang/d2/releases/assets/549448945"

[tools.d2."platforms.linux-x64-musl"]
checksum = "sha256:5669ddc46b99e942cc96078f4a4e36d5e62103348f4c05179ede27802fdd87a9"
url = "https://github.com/d2lang/d2/releases/download/v0.9.0/d2-v0.9.0-linux-amd64.tar.gz"
url_api = "https://api.github.com/repos/d2lang/d2/releases/assets/549448945"

[tools.d2."platforms.macos-arm64"]
checksum = "sha256:eaf6c0c143e56dd9fa97bfb6df25ea9c1ebce40245f056a0768cf1a6c15d3064"
url = "https://github.com/d2lang/d2/releases/download/v0.9.0/d2-v0.9.0-macos-arm64.tar.gz"
url_api = "https://api.github.com/repos/d2lang/d2/releases/assets/549449061"

[tools.d2."platforms.macos-x64"]
checksum = "sha256:cad39576a480d6bb02ea142fef1726647914b0d2da51ccc9b30b660a2b1babf0"
url = "https://github.com/d2lang/d2/releases/download/v0.9.0/d2-v0.9.0-macos-amd64.tar.gz"
url_api = "https://api.github.com/repos/d2lang/d2/releases/assets/549449033"

[tools.d2."platforms.windows-x64"]
checksum = "sha256:5f63b643de8f5a6dfb922d172e1b5496e4caf47497c33c4427cf1127f28c340f"
url = "https://github.com/d2lang/d2/releases/download/v0.9.0/d2-v0.9.0-windows-amd64.tar.gz"
url_api = "https://api.github.com/repos/d2lang/d2/releases/assets/549449113"

[[tools.prek]]
version = "0.5.5"
backend = "aqua:j178/prek"
specifiers = ["0.5.5"]

[tools.prek."platforms.linux-arm64"]
checksum = "sha256:420451a13aaf3de670dfe73b25e18dbca0d96bc3b153cc3924b9d01c3b7caa12"
url = "https://github.com/j178/prek/releases/download/v0.5.5/prek-aarch64-unknown-linux-gnu.tar.gz"
url_api = "https://api.github.com/repos/j178/prek/releases/assets/611684496"
provenance = "github-attestations"

[tools.prek."platforms.linux-arm64-musl"]
checksum = "sha256:e7208e5d42daaa8d9167971e7d2d3388d80cce241d1cecea745a6c88d6b6368e"
url = "https://github.com/j178/prek/releases/download/v0.5.5/prek-aarch64-unknown-linux-musl.tar.gz"
url_api = "https://api.github.com/repos/j178/prek/releases/assets/611684498"
provenance = "github-attestations"

[tools.prek."platforms.linux-x64"]
checksum = "sha256:5470e4aa0fc0ad9d3de7dfaf088fb746d59c2eda3b173c06418e7c8861a520eb"
url = "https://github.com/j178/prek/releases/download/v0.5.5/prek-x86_64-unknown-linux-gnu.tar.gz"
url_api = "https://api.github.com/repos/j178/prek/releases/assets/611684555"
provenance = "github-attestations"

[tools.prek."platforms.linux-x64-musl"]
checksum = "sha256:57948d4772f4eb58387ce4a6d619ecd2d8d7e9d765eed6a316f5b3f92c86d951"
url = "https://github.com/j178/prek/releases/download/v0.5.5/prek-x86_64-unknown-linux-musl.tar.gz"
url_api = "https://api.github.com/repos/j178/prek/releases/assets/611684574"
provenance = "github-attestations"

[tools.prek."platforms.macos-arm64"]
checksum = "sha256:e4bc3132023b50020e62b073bc3147082828bf250d8b9282850c6f2bed5471b6"
url = "https://github.com/j178/prek/releases/download/v0.5.5/prek-aarch64-apple-darwin.tar.gz"
url_api = "https://api.github.com/repos/j178/prek/releases/assets/611684483"
provenance = "github-attestations"

[tools.prek."platforms.macos-x64"]
checksum = "sha256:9ea09639374a34b6f0b7d2a2567c175221cd37e44004e9b1cf591f31f9dda1b3"
url = "https://github.com/j178/prek/releases/download/v0.5.5/prek-x86_64-apple-darwin.tar.gz"
url_api = "https://api.github.com/repos/j178/prek/releases/assets/611684529"
provenance = "github-attestations"

[tools.prek."platforms.windows-x64"]
checksum = "sha256:6e52e1723b1b753b977be632a150d5516862471b29c14ad8e7d71685f07769b4"
url = "https://github.com/j178/prek/releases/download/v0.5.5/prek-x86_64-pc-windows-msvc.zip"
url_api = "https://api.github.com/repos/j178/prek/releases/assets/611684549"
provenance = "github-attestations"

[[tools.ruby]]
version = "4.0.7"
backend = "core:ruby"
specifiers = ["4.0.7"]

[tools.ruby."platforms.windows-x64"]
checksum = "sha256:7a9be96d3448ecbd9a81eccae1f619131dfcc761f2c98dded03ece6c05d0474f"
url = "https://github.com/oneclick/rubyinstaller2/releases/download/RubyInstaller-4.0.7-1/rubyinstaller-4.0.7-1-x64.7z"

[[tools.ruby]]
version = "4.0.7"
backend = "core:ruby"
specifiers = ["4.0.7"]

[tools.ruby.options]
compile = "false"
precompiled_url = "jdx/ruby"
ruby_build_repo = "https://github.com/rbenv/ruby-build.git"
ruby_install = "false"

[tools.ruby."platforms.linux-arm64"]
checksum = "sha256:ed4a403f5cd7eb5941cb96e52e4382eaa81660715e4ce7c9c5dbb4bf77fcde37"
url = "https://github.com/jdx/ruby/releases/download/4.0.7-2/ruby-4.0.7.arm64_linux.tar.gz"
provenance = "github-attestations"

[tools.ruby."platforms.linux-arm64-musl"]
checksum = "sha256:911ace20f90d068ca0e4dda6d0e4f0f81e52e52f2dd4f4004c721e253412e82d"
url = "https://cache.ruby-lang.org/pub/ruby/4.0/ruby-4.0.7.tar.gz"

[tools.ruby."platforms.linux-x64"]
checksum = "sha256:659c4c80138145f3be439b3e4275b616cc87022e9488b823d708ab75a77558a9"
url = "https://github.com/jdx/ruby/releases/download/4.0.7-2/ruby-4.0.7.x86_64_linux.tar.gz"
provenance = "github-attestations"

[tools.ruby."platforms.linux-x64-musl"]
checksum = "sha256:911ace20f90d068ca0e4dda6d0e4f0f81e52e52f2dd4f4004c721e253412e82d"
url = "https://cache.ruby-lang.org/pub/ruby/4.0/ruby-4.0.7.tar.gz"

[tools.ruby."platforms.macos-arm64"]
checksum = "sha256:6ad0acc5b0c437a2514679ff9a0f925e8b66ad4e96357e9ae2764b622f5d88d4"
url = "https://github.com/jdx/ruby/releases/download/4.0.7-2/ruby-4.0.7.macos.tar.gz"
provenance = "github-attestations"

[tools.ruby."platforms.macos-x64"]
checksum = "sha256:911ace20f90d068ca0e4dda6d0e4f0f81e52e52f2dd4f4004c721e253412e82d"
url = "https://cache.ruby-lang.org/pub/ruby/4.0/ruby-4.0.7.tar.gz"
