# @generated - this file is auto-generated by `mise lock` https://mise.jdx.dev/dev-tools/mise-lock.html

lockfile_version = 1

[[tools.d2]]
version = "0.9.0"
backend = "aqua:d2lang/d2"
specifiers = ["0.9.0"]

[tools.d2."platforms.linux-arm64"]
checksum = "sha256:ac2c028697199479acb321db1e3d68caee9f2ba492ed73caa3cd13f3829bf913"
url = "https://github.com/d2lang/d2/releases/download/v0.9.0/d2-v0.9.0-linux-arm64.tar.gz"
url_api = "https://api.github.com/repos/d2lang/d2/releases/assets/549448988"

[tools.d2."platforms.linux-arm64-musl"]
checksum = "sha256:ac2c028697199479acb321db1e3d68caee9f2ba492ed73caa3cd13f3829bf913"
url = "https://github.com/d2lang/d2/releases/download/v0.9.0/d2-v0.9.0-linux-arm64.tar.gz"
url_api = "https://api.github.com/repos/d2lang/d2/releases/assets/549448988"

[tools.d2."platforms.linux-x64"]
checksum = "sha256:5669ddc46b99e942cc96078f4a4e36d5e62103348f4c05179ede27802fdd87a9"
url = "https://github.com/d2lang/d2/releases/download/v0.9.0/d2-v0.9.0-linux-amd64.tar.gz"
url_api = "https://api.github.com/repos/d2lang/d2/releases/assets/549448945"

[tools.d2."platforms.linux-x64-musl"]
checksum = "sha256:5669ddc46b99e942cc96078f4a4e36d5e62103348f4c05179ede27802fdd87a9"
url = "https://github.com/d2lang/d2/releases/download/v0.9.0/d2-v0.9.0-linux-amd64.tar.gz"
url_api = "https://api.github.com/repos/d2lang/d2/releases/assets/549448945"

[tools.d2."platforms.macos-arm64"]
checksum = "sha256:eaf6c0c143e56dd9fa97bfb6df25ea9c1ebce40245f056a0768cf1a6c15d3064"
url = "https://github.com/d2lang/d2/releases/download/v0.9.0/d2-v0.9.0-macos-arm64.tar.gz"
url_api = "https://api.github.com/repos/d2lang/d2/releases/assets/549449061"

[tools.d2."platforms.macos-x64"]
checksum = "sha256:cad39576a480d6bb02ea142fef1726647914b0d2da51ccc9b30b660a2b1babf0"
url = "https://github.com/d2lang/d2/releases/download/v0.9.0/d2-v0.9.0-macos-amd64.tar.gz"
url_api = "https://api.github.com/repos/d2lang/d2/releases/assets/549449033"

[tools.d2."platforms.windows-x64"]
checksum = "sha256:5f63b643de8f5a6dfb922d172e1b5496e4caf47497c33c4427cf1127f28c340f"
url = "https://github.com/d2lang/d2/releases/download/v0.9.0/d2-v0.9.0-windows-amd64.tar.gz"
url_api = "https://api.github.com/repos/d2lang/d2/releases/assets/549449113"

[[tools.prek]]
version = "0.4.3"
backend = "aqua:j178/prek"
specifiers = ["0.4.3"]

[tools.prek."platforms.linux-arm64"]
checksum = "sha256:02e5731ce90e737bade91abef4c76c13495b9cc9290f609dfcb2e7b2a05b532e"
url = "https://github.com/j178/prek/releases/download/v0.4.3/prek-aarch64-unknown-linux-gnu.tar.gz"
url_api = "https://api.github.com/repos/j178/prek/releases/assets/430733671"
provenance = "github-attestations"

[tools.prek."platforms.linux-arm64-musl"]
checksum = "sha256:0a112f72c3e76d4bdea6a5f73788015579766f9a9a5ff827932f7a4685f87eb5"
url = "https://github.com/j178/prek/releases/download/v0.4.3/prek-aarch64-unknown-linux-musl.tar.gz"
url_api = "https://api.github.com/repos/j178/prek/releases/assets/430733672"
provenance = "github-attestations"

[tools.prek."platforms.linux-x64"]
checksum = "sha256:8a8210d64476657cac3e797afa109011d8d872c09e3a407f50c5a4dde063b381"
url = "https://github.com/j178/prek/releases/download/v0.4.3/prek-x86_64-unknown-linux-gnu.tar.gz"
url_api = "https://api.github.com/repos/j178/prek/releases/assets/430733723"
provenance = "github-attestations"

[tools.prek."platforms.linux-x64-musl"]
checksum = "sha256:509193a8cb4a3032dd9f732023466e4c6719cc758cd6f768a7218a702edb08ae"
url = "https://github.com/j178/prek/releases/download/v0.4.3/prek-x86_64-unknown-linux-musl.tar.gz"
url_api = "https://api.github.com/repos/j178/prek/releases/assets/430733726"
provenance = "github-attestations"

[tools.prek."platforms.macos-arm64"]
checksum = "sha256:80e10ab3961940ef4d5b0cde03ed670f8176dd60729a03e6a7d92ae00700e072"
url = "https://github.com/j178/prek/releases/download/v0.4.3/prek-aarch64-apple-darwin.tar.gz"
url_api = "https://api.github.com/repos/j178/prek/releases/assets/430733667"
provenance = "github-attestations"

[tools.prek."platforms.macos-x64"]
checksum = "sha256:c2f1d49b20a2b10a147195d5e33b03ca51430a852ea6cac568853dda5b89fbb8"
url = "https://github.com/j178/prek/releases/download/v0.4.3/prek-x86_64-apple-darwin.tar.gz"
url_api = "https://api.github.com/repos/j178/prek/releases/assets/430733714"
provenance = "github-attestations"

[tools.prek."platforms.windows-x64"]
checksum = "sha256:8105cec75f5f60b2b1b499f9e57453dac1be835cf2e67ae141c47d6faa88b84d"
url = "https://github.com/j178/prek/releases/download/v0.4.3/prek-x86_64-pc-windows-msvc.zip"
url_api = "https://api.github.com/repos/j178/prek/releases/assets/430733718"
provenance = "github-attestations"

[[tools.ruby]]
version = "3.2.2"
backend = "core:ruby"
specifiers = ["3.2.2"]

[tools.ruby.options]
compile = "false"
precompiled_url = "jdx/ruby"
ruby_build_repo = "https://github.com/rbenv/ruby-build.git"
ruby_install = "false"

[tools.ruby."platforms.linux-arm64"]
checksum = "sha256:27da7dbc26c82223440360ccf5389be7508f0e692a607f072eca5b92cd0dc7b3"
url = "https://github.com/jdx/ruby/releases/download/3.2.2-5/ruby-3.2.2.arm64_linux.tar.gz"
provenance = "github-attestations"

[tools.ruby."platforms.linux-arm64-musl"]
checksum = "sha256:96c57558871a6748de5bc9f274e93f4b5aad06cd8f37befa0e8d94e7b8a423bc"
url = "https://cache.ruby-lang.org/pub/ruby/3.2/ruby-3.2.2.tar.gz"

[tools.ruby."platforms.linux-x64"]
checksum = "sha256:9dedd33592234f856c0ec804e68590e6b4a98d10117e3ba5c85b93f17eb7dddf"
url = "https://github.com/jdx/ruby/releases/download/3.2.2-5/ruby-3.2.2.x86_64_linux.tar.gz"
provenance = "github-attestations"

[tools.ruby."platforms.linux-x64-musl"]
checksum = "sha256:96c57558871a6748de5bc9f274e93f4b5aad06cd8f37befa0e8d94e7b8a423bc"
url = "https://cache.ruby-lang.org/pub/ruby/3.2/ruby-3.2.2.tar.gz"

[tools.ruby."platforms.macos-arm64"]
checksum = "sha256:00f5a95950ebcb58ade7d850f27fe54115fe76356b9dacf6803c1bfbd2caae12"
url = "https://github.com/jdx/ruby/releases/download/3.2.2-5/ruby-3.2.2.macos.tar.gz"
provenance = "github-attestations"

[tools.ruby."platforms.macos-x64"]
checksum = "sha256:96c57558871a6748de5bc9f274e93f4b5aad06cd8f37befa0e8d94e7b8a423bc"
url = "https://cache.ruby-lang.org/pub/ruby/3.2/ruby-3.2.2.tar.gz"

[[tools.ruby]]
version = "3.2.2"
backend = "core:ruby"
specifiers = ["3.2.2"]

[tools.ruby."platforms.windows-x64"]
url = "https://github.com/oneclick/rubyinstaller2/releases/download/RubyInstaller-3.2.2-1/rubyinstaller-3.2.2-1-x64.7z"
